
Microsoft Visual Studio Solution File, Format Version 12.00
# Visual Studio Version 16
VisualStudioVersion = 16.0.29025.244
MinimumVisualStudioVersion = 10.0.40219.1
Project("{2150E333-8FDC-42A3-9474-1A3956D46DE8}") = "src", "src", "{00E4FF65-C3A1-4537-BC6F-C1973FE10E3E}"
EndProject
Project("{2150E333-8FDC-42A3-9474-1A3956D46DE8}") = "samples", "samples", "{B117E6DE-01F3-43D8-A2CB-EA56D6C2782E}"
EndProject
Project("{2150E333-8FDC-42A3-9474-1A3956D46DE8}") = "tests", "tests", "{A9EBDA24-921C-430F-973A-B07205ADE46B}"
EndProject
Project("{2150E333-8FDC-42A3-9474-1A3956D46DE8}") = "Solution Items", "Solution Items", "{278BBC27-E54A-4DF6-B2A2-E64FC1782F86}"
	ProjectSection(SolutionItems) = preProject
		README.md = README.md
	EndProjectSection
EndProject
Project("{9A19103F-16F7-4668-BE54-9A1E7A4F7556}") = "CompileTimeCaching", "src\CompileTimeCaching\CompileTimeCaching.csproj", "{0E8E98AA-FF7D-4F13-A218-74477082FDFA}"
EndProject
Project("{9A19103F-16F7-4668-BE54-9A1E7A4F7556}") = "UnoGeneratorSample", "samples\UnoGeneratorSample\UnoGeneratorSample.csproj", "{9BBD5A4B-8AF0-4E11-9692-6AE6231A238E}"
EndProject
Project("{9A19103F-16F7-4668-BE54-9A1E7A4F7556}") = "UnoGeneratorSampleConsole", "samples\UnoGeneratorSampleConsole\UnoGeneratorSampleConsole.csproj", "{49427D42-28A4-4019-8D71-408B4FB00939}"
EndProject
Project("{9A19103F-16F7-4668-BE54-9A1E7A4F7556}") = "CompileTimeCaching.Tests", "tests\CompileTimeCaching.Tests\CompileTimeCaching.Tests.csproj", "{A0AA7CA5-1D5A-4BF5-8D0B-6CBF55CEB0FC}"
EndProject
Global
	GlobalSection(SolutionConfigurationPlatforms) = preSolution
		Debug|Any CPU = Debug|Any CPU
		Release|Any CPU = Release|Any CPU
	EndGlobalSection
	GlobalSection(ProjectConfigurationPlatforms) = postSolution
		{0E8E98AA-FF7D-4F13-A218-74477082FDFA}.Debug|Any CPU.ActiveCfg = Debug|Any CPU
		{0E8E98AA-FF7D-4F13-A218-74477082FDFA}.Debug|Any CPU.Build.0 = Debug|Any CPU
		{0E8E98AA-FF7D-4F13-A218-74477082FDFA}.Release|Any CPU.ActiveCfg = Release|Any CPU
		{0E8E98AA-FF7D-4F13-A218-74477082FDFA}.Release|Any CPU.Build.0 = Release|Any CPU
		{9BBD5A4B-8AF0-4E11-9692-6AE6231A238E}.Debug|Any CPU.ActiveCfg = Debug|Any CPU
		{9BBD5A4B-8AF0-4E11-9692-6AE6231A238E}.Debug|Any CPU.Build.0 = Debug|Any CPU
		{9BBD5A4B-8AF0-4E11-9692-6AE6231A238E}.Release|Any CPU.ActiveCfg = Release|Any CPU
		{9BBD5A4B-8AF0-4E11-9692-6AE6231A238E}.Release|Any CPU.Build.0 = Release|Any CPU
		{49427D42-28A4-4019-8D71-408B4FB00939}.Debug|Any CPU.ActiveCfg = Debug|Any CPU
		{49427D42-28A4-4019-8D71-408B4FB00939}.Debug|Any CPU.Build.0 = Debug|Any CPU
		{49427D42-28A4-4019-8D71-408B4FB00939}.Release|Any CPU.ActiveCfg = Release|Any CPU
		{49427D42-28A4-4019-8D71-408B4FB00939}.Release|Any CPU.Build.0 = Release|Any CPU
		{A0AA7CA5-1D5A-4BF5-8D0B-6CBF55CEB0FC}.Debug|Any CPU.ActiveCfg = Debug|Any CPU
		{A0AA7CA5-1D5A-4BF5-8D0B-6CBF55CEB0FC}.Debug|Any CPU.Build.0 = Debug|Any CPU
		{A0AA7CA5-1D5A-4BF5-8D0B-6CBF55CEB0FC}.Release|Any CPU.ActiveCfg = Release|Any CPU
		{A0AA7CA5-1D5A-4BF5-8D0B-6CBF55CEB0FC}.Release|Any CPU.Build.0 = Release|Any CPU
	EndGlobalSection
	GlobalSection(SolutionProperties) = preSolution
		HideSolutionNode = FALSE
	EndGlobalSection
	GlobalSection(NestedProjects) = preSolution
		{0E8E98AA-FF7D-4F13-A218-74477082FDFA} = {00E4FF65-C3A1-4537-BC6F-C1973FE10E3E}
		{9BBD5A4B-8AF0-4E11-9692-6AE6231A238E} = {B117E6DE-01F3-43D8-A2CB-EA56D6C2782E}
		{49427D42-28A4-4019-8D71-408B4FB00939} = {B117E6DE-01F3-43D8-A2CB-EA56D6C2782E}
		{A0AA7CA5-1D5A-4BF5-8D0B-6CBF55CEB0FC} = {A9EBDA24-921C-430F-973A-B07205ADE46B}
	EndGlobalSection
	GlobalSection(ExtensibilityGlobals) = postSolution
		SolutionGuid = {738DCD1D-4889-4E9A-AE8A-EE4BD7E71429}
	EndGlobalSection
EndGlobal
